
Microsoft Visual Studio Solution File, Format Version 12.00
# Visual Studio 15
VisualStudioVersion = 15.0.27703.2035
MinimumVisualStudioVersion = 10.0.40219.1
Project("{FAE04EC0-301F-11D3-BF4B-00C04F79EFBC}") = "TestProjectXamarin.Android", "TestProjectXamarin\TestProjectXamarin.Android\TestProjectXamarin.Android.csproj", "{639A77E9-5B62-4D1F-92EB-C27CFE3E9ADA}"
EndProject
Project("{FAE04EC0-301F-11D3-BF4B-00C04F79EFBC}") = "TestProjectXamarin", "TestProjectXamarin\TestProjectXamarin\TestProjectXamarin.csproj", "{89F426A8-2686-42B8-86DB-32E84507E908}"
EndProject
Global
	GlobalSection(SolutionConfigurationPlatforms) = preSolution
		Debug|Any CPU = Debug|Any CPU
		Release|Any CPU = Release|Any CPU
	EndGlobalSection
	GlobalSection(ProjectConfigurationPlatforms) = postSolution
		{639A77E9-5B62-4D1F-92EB-C27CFE3E9ADA}.Debug|Any CPU.ActiveCfg = Debug|Any CPU
		{639A77E9-5B62-4D1F-92EB-C27CFE3E9ADA}.Debug|Any CPU.Build.0 = Debug|Any CPU
		{639A77E9-5B62-4D1F-92EB-C27CFE3E9ADA}.Debug|Any CPU.Deploy.0 = Debug|Any CPU
		{639A77E9-5B62-4D1F-92EB-C27CFE3E9ADA}.Release|Any CPU.ActiveCfg = Release|Any CPU
		{639A77E9-5B62-4D1F-92EB-C27CFE3E9ADA}.Release|Any CPU.Build.0 = Release|Any CPU
		{639A77E9-5B62-4D1F-92EB-C27CFE3E9ADA}.Release|Any CPU.Deploy.0 = Release|Any CPU
		{89F426A8-2686-42B8-86DB-32E84507E908}.Debug|Any CPU.ActiveCfg = Debug|Any CPU
		{89F426A8-2686-42B8-86DB-32E84507E908}.Debug|Any CPU.Build.0 = Debug|Any CPU
		{89F426A8-2686-42B8-86DB-32E84507E908}.Debug|Any CPU.Deploy.0 = Debug|Any CPU
		{89F426A8-2686-42B8-86DB-32E84507E908}.Release|Any CPU.ActiveCfg = Release|Any CPU
		{89F426A8-2686-42B8-86DB-32E84507E908}.Release|Any CPU.Build.0 = Release|Any CPU
		{89F426A8-2686-42B8-86DB-32E84507E908}.Release|Any CPU.Deploy.0 = Release|Any CPU
	EndGlobalSection
	GlobalSection(SolutionProperties) = preSolution
		HideSolutionNode = FALSE
	EndGlobalSection
	GlobalSection(ExtensibilityGlobals) = postSolution
		SolutionGuid = {7D32B134-8A99-495D-97FD-D5E6E4CC287E}
	EndGlobalSection
EndGlobal
